
Microsoft Visual Studio Solution File, Format Version 12.00
# Visual Studio Version 16
VisualStudioVersion = 16.0.30804.86
MinimumVisualStudioVersion = 10.0.40219.1
Project("{FAE04EC0-301F-11D3-BF4B-00C04F79EFBC}") = "Com.Cognizant.MovieCruiser.Utility", "Com.Cognizant.MovieCruiser.Utility\Com.Cognizant.MovieCruiser.Utility.csproj", "{969670AE-E18A-43C7-828A-81908CC7B008}"
EndProject
Global
	GlobalSection(SolutionConfigurationPlatforms) = preSolution
		Debug|Any CPU = Debug|Any CPU
		Release|Any CPU = Release|Any CPU
	EndGlobalSection
	GlobalSection(ProjectConfigurationPlatforms) = postSolution
		{969670AE-E18A-43C7-828A-81908CC7B008}.Debug|Any CPU.ActiveCfg = Debug|Any CPU
		{969670AE-E18A-43C7-828A-81908CC7B008}.Debug|Any CPU.Build.0 = Debug|Any CPU
		{969670AE-E18A-43C7-828A-81908CC7B008}.Release|Any CPU.ActiveCfg = Release|Any CPU
		{969670AE-E18A-43C7-828A-81908CC7B008}.Release|Any CPU.Build.0 = Release|Any CPU
	EndGlobalSection
	GlobalSection(SolutionProperties) = preSolution
		HideSolutionNode = FALSE
	EndGlobalSection
	GlobalSection(ExtensibilityGlobals) = postSolution
		SolutionGuid = {0C09754B-5309-4B80-8166-4BC0432EA2BC}
	EndGlobalSection
EndGlobal
